
Microsoft Visual Studio Solution File, Format Version 12.00
# Visual Studio Version 17
VisualStudioVersion = 17.2.32630.192
MinimumVisualStudioVersion = 10.0.40219.1
Project("{FAE04EC0-301F-11D3-BF4B-00C04F79EFBC}") = "AccessingLocalStorageBlazor", "AccessingLocalStorageBlazor\AccessingLocalStorageBlazor.csproj", "{C9208FC5-7667-45EA-B4BF-91D8CFEC7E7D}"
EndProject
Global
	GlobalSection(SolutionConfigurationPlatforms) = preSolution
		Debug|Any CPU = Debug|Any CPU
		Release|Any CPU = Release|Any CPU
	EndGlobalSection
	GlobalSection(ProjectConfigurationPlatforms) = postSolution
		{C9208FC5-7667-45EA-B4BF-91D8CFEC7E7D}.Debug|Any CPU.ActiveCfg = Debug|Any CPU
		{C9208FC5-7667-45EA-B4BF-91D8CFEC7E7D}.Debug|Any CPU.Build.0 = Debug|Any CPU
		{C9208FC5-7667-45EA-B4BF-91D8CFEC7E7D}.Release|Any CPU.ActiveCfg = Release|Any CPU
		{C9208FC5-7667-45EA-B4BF-91D8CFEC7E7D}.Release|Any CPU.Build.0 = Release|Any CPU
	EndGlobalSection
	GlobalSection(SolutionProperties) = preSolution
		HideSolutionNode = FALSE
	EndGlobalSection
	GlobalSection(ExtensibilityGlobals) = postSolution
		SolutionGuid = {D230DF09-6966-49E3-9774-6424958E1D82}
	EndGlobalSection
EndGlobal
